
Microsoft Visual Studio Solution File, Format Version 12.00
# Visual Studio Version 17
VisualStudioVersion = 17.6.33815.320
MinimumVisualStudioVersion = 10.0.40219.1
Project("{FAE04EC0-301F-11D3-BF4B-00C04F79EFBC}") = "atelier-injection-dependance", "atelier-injection-dependance.csproj", "{06EF3F88-8DEB-48C9-BCD5-F56C6208D53F}"
EndProject
Global
	GlobalSection(SolutionConfigurationPlatforms) = preSolution
		Debug|Any CPU = Debug|Any CPU
		Release|Any CPU = Release|Any CPU
	EndGlobalSection
	GlobalSection(ProjectConfigurationPlatforms) = postSolution
		{06EF3F88-8DEB-48C9-BCD5-F56C6208D53F}.Debug|Any CPU.ActiveCfg = Debug|Any CPU
		{06EF3F88-8DEB-48C9-BCD5-F56C6208D53F}.Debug|Any CPU.Build.0 = Debug|Any CPU
		{06EF3F88-8DEB-48C9-BCD5-F56C6208D53F}.Release|Any CPU.ActiveCfg = Release|Any CPU
		{06EF3F88-8DEB-48C9-BCD5-F56C6208D53F}.Release|Any CPU.Build.0 = Release|Any CPU
	EndGlobalSection
	GlobalSection(SolutionProperties) = preSolution
		HideSolutionNode = FALSE
	EndGlobalSection
	GlobalSection(ExtensibilityGlobals) = postSolution
		SolutionGuid = {39F085E8-0008-471B-A186-017B5DDF1455}
	EndGlobalSection
EndGlobal
